<?xml version="1.0" encoding="utf-8"?>
<Project ToolsVersion="4.0" xmlns="http://schemas.microsoft.com/developer/msbuild/2003">
  <ItemGroup>
    <Filter Include="Quelldateien">
      <UniqueIdentifier>{4FC737F1-C7A5-4376-A066-2A32D752A2FF}</UniqueIdentifier>
      <Extensions>cpp;c;cc;cxx;c++;cppm;ixx;def;odl;idl;hpj;bat;asm;asmx</Extensions>
    </Filter>
    <Filter Include="Headerdateien">
      <UniqueIdentifier>{93995380-89BD-4b04-88EB-625FBE52EBFB}</UniqueIdentifier>
      <Extensions>h;hh;hpp;hxx;h++;hm;inl;inc;ipp;xsd</Extensions>
    </Filter>
    <Filter Include="Ressourcendateien">
      <UniqueIdentifier>{67DA6AB6-F800-4c08-8B7A-83BB121AAD01}</UniqueIdentifier>
      <Extensions>rc;ico;cur;bmp;dlg;rc2;rct;bin;rgs;gif;jpg;jpeg;jpe;resx;tiff;tif;png;wav;mfcribbon-ms</Extensions>
    </Filter>
    <Filter Include="Headerdateien\graphics">
      <UniqueIdentifier>{a973e57b-78f0-4e02-8b8f-d9e9512c8175}</UniqueIdentifier>
    </Filter>
    <Filter Include="Headerdateien\system">
      <UniqueIdentifier>{3e7a0f67-ad16-452e-ace0-2eb3cb782f89}</UniqueIdentifier>
    </Filter>
    <Filter Include="Headerdateien\utility">
      <UniqueIdentifier>{4ff5649d-8c23-42ef-86b7-19ab97fd63d7}</UniqueIdentifier>
    </Filter>
    <Filter Include="Quelldateien\graphics">
      <UniqueIdentifier>{581c0e64-2cfe-40a5-850f-ea49e79b8d10}</UniqueIdentifier>
    </Filter>
    <Filter Include="Quelldateien\system">
      <UniqueIdentifier>{cdeaf5f0-530b-4b25-9eb4-367acbd90195}</UniqueIdentifier>
    </Filter>
    <Filter Include="Quelldateien\utility">
      <UniqueIdentifier>{b643eb5e-ddcd-492f-851c-a9858b0c5171}</UniqueIdentifier>
    </Filter>
  </ItemGroup>
  <ItemGroup>
    <ClCompile Include="src\main.cpp">
      <Filter>Quelldateien</Filter>
    </ClCompile>
    <ClCompile Include="src\SDL_utlity.cpp">
      <Filter>Quelldateien</Filter>
    </ClCompile>
    <ClCompile Include="src\system\assetstream.cpp">
      <Filter>Quelldateien\system</Filter>
    </ClCompile>
    <ClCompile Include="src\graphics\render_window.cpp">
      <Filter>Quelldateien\graphics</Filter>
    </ClCompile>
    <ClCompile Include="src\graphics\shader.cpp">
      <Filter>Quelldateien\graphics</Filter>
    </ClCompile>
    <ClCompile Include="src\graphics\shader_program.cpp">
      <Filter>Quelldateien\graphics</Filter>
    </ClCompile>
    <ClCompile Include="src\graphics\vertex_array_object.cpp">
      <Filter>Quelldateien\graphics</Filter>
    </ClCompile>
    <ClCompile Include="src\graphics\vertex_buffer_object.cpp">
      <Filter>Quelldateien\graphics</Filter>
    </ClCompile>
    <ClCompile Include="src\utility\utility.cpp">
      <Filter>Quelldateien\utility</Filter>
    </ClCompile>
    <ClCompile Include="src\graphics\texture_2d.cpp">
      <Filter>Quelldateien\graphics</Filter>
    </ClCompile>
    <ClCompile Include="src\graphics\image.cpp">
      <Filter>Quelldateien\graphics</Filter>
    </ClCompile>
    <ClCompile Include="src\graphics\view_2d.cpp">
      <Filter>Quelldateien\graphics</Filter>
    </ClCompile>
    <ClCompile Include="src\graphics\view_3d.cpp">
      <Filter>Quelldateien\graphics</Filter>
    </ClCompile>
    <ClCompile Include="src\graphics\render_target.cpp">
      <Filter>Quelldateien\graphics</Filter>
    </ClCompile>
    <ClCompile Include="src\system\clock.cpp">
      <Filter>Quelldateien\system</Filter>
    </ClCompile>
    <ClCompile Include="src\graphics\font.cpp">
      <Filter>Quelldateien\graphics</Filter>
    </ClCompile>
    <ClCompile Include="src\engine.cpp">
      <Filter>Quelldateien</Filter>
    </ClCompile>
  </ItemGroup>
  <ItemGroup>
    <ClInclude Include="src\SDL_utility.h">
      <Filter>Headerdateien</Filter>
    </ClInclude>
    <ClInclude Include="src\system\assetstream.h">
      <Filter>Headerdateien\system</Filter>
    </ClInclude>
    <ClInclude Include="src\utility\utility.h">
      <Filter>Headerdateien\utility</Filter>
    </ClInclude>
    <ClInclude Include="src\graphics\matrix4.h">
      <Filter>Headerdateien\graphics</Filter>
    </ClInclude>
    <ClInclude Include="src\graphics\quaternion.h">
      <Filter>Headerdateien\graphics</Filter>
    </ClInclude>
    <ClInclude Include="src\graphics\render_window.h">
      <Filter>Headerdateien\graphics</Filter>
    </ClInclude>
    <ClInclude Include="src\graphics\shader.h">
      <Filter>Headerdateien\graphics</Filter>
    </ClInclude>
    <ClInclude Include="src\graphics\shader_program.h">
      <Filter>Headerdateien\graphics</Filter>
    </ClInclude>
    <ClInclude Include="src\graphics\vector2.h">
      <Filter>Headerdateien\graphics</Filter>
    </ClInclude>
    <ClInclude Include="src\graphics\vector3.h">
      <Filter>Headerdateien\graphics</Filter>
    </ClInclude>
    <ClInclude Include="src\graphics\vertex_array_object.h">
      <Filter>Headerdateien\graphics</Filter>
    </ClInclude>
    <ClInclude Include="src\graphics\vertex_buffer_object.h">
      <Filter>Headerdateien\graphics</Filter>
    </ClInclude>
    <ClInclude Include="src\graphics\texture_2d.h">
      <Filter>Headerdateien\graphics</Filter>
    </ClInclude>
    <ClInclude Include="src\graphics\image.h">
      <Filter>Headerdateien\graphics</Filter>
    </ClInclude>
    <ClInclude Include="src\graphics\view_2d.h">
      <Filter>Headerdateien\graphics</Filter>
    </ClInclude>
    <ClInclude Include="src\graphics\view_3d.h">
      <Filter>Headerdateien\graphics</Filter>
    </ClInclude>
    <ClInclude Include="src\graphics\render_target.h">
      <Filter>Headerdateien\graphics</Filter>
    </ClInclude>
    <ClInclude Include="src\system\clock.h">
      <Filter>Headerdateien\system</Filter>
    </ClInclude>
    <ClInclude Include="src\system\time.h">
      <Filter>Headerdateien\system</Filter>
    </ClInclude>
    <ClInclude Include="src\graphics\font.h">
      <Filter>Headerdateien\graphics</Filter>
    </ClInclude>
    <ClInclude Include="src\engine.h">
      <Filter>Headerdateien</Filter>
    </ClInclude>
  </ItemGroup>
</Project>